{
  "name": "my_project",
  "version": "1.0.0",
  "lockfileVersion": 3,
  "requires": true,
  "packages": {
    "": {
      "name": "my_project",
      "version": "1.0.0",
      "license": "ISC",
      "dependencies": {
        "@playwright/test": "^1.49.0",
        "axios": "^0.21.1",
        "clipboardy": "^4.0.0",
        "lodash": "^4.17.20",
        "moment": "^2.29.1",
        "xlsx": "*"
      }
    },
    "node_modules": {
      "extraneous": true
    },
    "node_modules/@playwright/test": {
      "version": "1.50.1",
      "resolved": "https://registry.npmmirror.com/@playwright/test/-/test-1.50.1.tgz",
      "integrity": "sha512-Jii3aBg+CEDpgnuDxEp/h7BimHcUTDlpEtce89xEumlJ5ef2hqepZ+PWp1DDpYC/VO9fmWVI1IlEaoI5fK9FXQ==",
      "extraneous": true,
      "dependencies": {
        "playwright": "1.50.1"
      },
      "bin": {
        "playwright": "cli.js"
      },
      "engines": {
        "node": ">=18"
      }
    },
    "node_modules/adler-32": {
      "version": "1.3.1",
      "resolved": "https://registry.npmmirror.com/adler-32/-/adler-32-1.3.1.tgz",
      "integrity": "sha512-ynZ4w/nUUv5rrsR8UUGoe1VC9hZj6V5hU9Qw1HlMDJGEJw5S7TfTErWTjMys6M7vr0YWcPqs3qAr4ss0nDfP+A==",
      "extraneous": true,
      "devDependencies": {
        "@sheetjs/uglify-js": "~2.7.3",
        "@types/node": "^8.0.7",
        "blanket": "~1.2.3",
        "codepage": "~1.10.0",
        "dtslint": "^0.1.2",
        "mocha": "~2.5.3",
        "typescript": "2.2.0"
      },
      "engines": {
        "node": ">=0.8"
      }
    },
    "node_modules/axios": {
      "version": "0.21.4",
      "resolved": "https://registry.npmmirror.com/axios/-/axios-0.21.4.tgz",
      "integrity": "sha512-ut5vewkiu8jjGBdqpM44XxjuCjq9LAKeHVmoVfHVzy8eHgxxq8SbAVQNovDA8mVi05kP0Ea/n/UzcSHcTJQfNg==",
      "extraneous": true,
      "dependencies": {
        "follow-redirects": "^1.14.0"
      },
      "devDependencies": {
        "coveralls": "^3.0.0",
        "es6-promise": "^4.2.4",
        "grunt": "^1.3.0",
        "grunt-banner": "^0.6.0",
        "grunt-cli": "^1.2.0",
        "grunt-contrib-clean": "^1.1.0",
        "grunt-contrib-watch": "^1.0.0",
        "grunt-eslint": "^23.0.0",
        "grunt-karma": "^4.0.0",
        "grunt-mocha-test": "^0.13.3",
        "grunt-ts": "^6.0.0-beta.19",
        "grunt-webpack": "^4.0.2",
        "istanbul-instrumenter-loader": "^1.0.0",
        "jasmine-core": "^2.4.1",
        "karma": "^6.3.2",
        "karma-chrome-launcher": "^3.1.0",
        "karma-firefox-launcher": "^2.1.0",
        "karma-jasmine": "^1.1.1",
        "karma-jasmine-ajax": "^0.1.13",
        "karma-safari-launcher": "^1.0.0",
        "karma-sauce-launcher": "^4.3.6",
        "karma-sinon": "^1.0.5",
        "karma-sourcemap-loader": "^0.3.8",
        "karma-webpack": "^4.0.2",
        "load-grunt-tasks": "^3.5.2",
        "minimist": "^1.2.0",
        "mocha": "^8.2.1",
        "sinon": "^4.5.0",
        "terser-webpack-plugin": "^4.2.3",
        "typescript": "^4.0.5",
        "url-search-params": "^0.10.0",
        "webpack": "^4.44.2",
        "webpack-dev-server": "^3.11.0"
      }
    },
    "node_modules/cfb": {
      "version": "1.2.2",
      "resolved": "https://registry.npmmirror.com/cfb/-/cfb-1.2.2.tgz",
      "integrity": "sha512-KfdUZsSOw19/ObEWasvBP/Ac4reZvAGauZhs6S/gqNhXhI7cKwvlH7ulj+dOEYnca4bm4SGo8C1bTAQvnTjgQA==",
      "extraneous": true,
      "dependencies": {
        "adler-32": "~1.3.0",
        "crc-32": "~1.2.0"
      },
      "devDependencies": {
        "@sheetjs/uglify-js": "~2.7.3",
        "@types/node": "^8.10.25",
        "acorn": "7.4.1",
        "alex": "8.1.1",
        "blanket": "~1.2.3",
        "dtslint": "~0.1.2",
        "eslint": "7.23.0",
        "eslint-plugin-html": "^6.1.2",
        "eslint-plugin-json": "^2.1.2",
        "jscs": "3.0.7",
        "jshint": "2.13.4",
        "mocha": "~2.5.3",
        "typescript": "2.2.0"
      },
      "engines": {
        "node": ">=0.8"
      }
    },
    "node_modules/clipboardy": {
      "version": "4.0.0",
      "resolved": "https://registry.npmmirror.com/clipboardy/-/clipboardy-4.0.0.tgz",
      "integrity": "sha512-5mOlNS0mhX0707P2I0aZ2V/cmHUEO/fL7VFLqszkhUsxt7RwnmrInf/eEQKlf5GzvYeHIjT+Ov1HRfNmymlG0w==",
      "extraneous": true,
      "dependencies": {
        "execa": "^8.0.1",
        "is-wsl": "^3.1.0",
        "is64bit": "^2.0.0"
      },
      "devDependencies": {
        "ava": "^5.3.1",
        "tsd": "^0.29.0",
        "xo": "^0.56.0"
      },
      "engines": {
        "node": ">=18"
      },
      "funding": {
        "url": "https://github.com/sponsors/sindresorhus"
      }
    },
    "node_modules/codepage": {
      "version": "1.15.0",
      "resolved": "https://registry.npmmirror.com/codepage/-/codepage-1.15.0.tgz",
      "integrity": "sha512-3g6NUTPd/YtuuGrhMnOMRjFc+LJw/bnMp3+0r/Wcz3IXUuCosKRJvMphm5+Q+bvTVGcJJuRvVLuYba+WojaFaA==",
      "extraneous": true,
      "devDependencies": {
        "@sheetjs/uglify-js": "~2.7.3",
        "@types/commander": "^2.12.0",
        "@types/node": "^8.0.7",
        "blanket": "~1.2.3",
        "dtslint": "^0.1.2",
        "mocha": "~2.5.3",
        "typescript": "2.2.0",
        "voc": "~1.1.0"
      },
      "engines": {
        "node": ">=0.8"
      }
    },
    "node_modules/crc-32": {
      "version": "1.2.2",
      "resolved": "https://registry.npmmirror.com/crc-32/-/crc-32-1.2.2.tgz",
      "integrity": "sha512-ROmzCKrTnOwybPcJApAA6WBWij23HVfGVNKqqrZpuyZOHqK2CwHSvpGuyt/UNNvaIjEd8X5IFGp4Mh+Ie1IHJQ==",
      "extraneous": true,
      "bin": {
        "crc32": "bin/crc32.njs"
      },
      "devDependencies": {
        "@sheetjs/uglify-js": "~2.7.3",
        "@types/node": "^8.0.7",
        "blanket": "~1.2.3",
        "codepage": "~1.10.0",
        "dtslint": "^0.1.2",
        "exit-on-epipe": "~1.0.1",
        "mocha": "~2.5.3",
        "printj": "~1.3.1",
        "typescript": "2.2.0"
      },
      "engines": {
        "node": ">=0.8"
      }
    },
    "node_modules/cross-spawn": {
      "version": "7.0.6",
      "resolved": "https://registry.npmmirror.com/cross-spawn/-/cross-spawn-7.0.6.tgz",
      "integrity": "sha512-uV2QOWP2nWzsy2aMp8aRibhi9dlzF5Hgh5SHaB9OiTGEyDTiJJyx0uy51QXdyWbtAHNua4XJzUKca3OzKUd3vA==",
      "extraneous": true,
      "dependencies": {
        "path-key": "^3.1.0",
        "shebang-command": "^2.0.0",
        "which": "^2.0.1"
      },
      "devDependencies": {
        "@commitlint/cli": "^8.1.0",
        "@commitlint/config-conventional": "^8.1.0",
        "babel-core": "^6.26.3",
        "babel-jest": "^24.9.0",
        "babel-preset-moxy": "^3.1.0",
        "eslint": "^5.16.0",
        "eslint-config-moxy": "^7.1.0",
        "husky": "^3.0.5",
        "jest": "^24.9.0",
        "lint-staged": "^9.2.5",
        "mkdirp": "^0.5.1",
        "rimraf": "^3.0.0",
        "standard-version": "^9.5.0"
      },
      "engines": {
        "node": ">= 8"
      }
    },
    "node_modules/execa": {
      "version": "8.0.1",
      "resolved": "https://registry.npmmirror.com/execa/-/execa-8.0.1.tgz",
      "integrity": "sha512-VyhnebXciFV2DESc+p6B+y0LjSm0krU4OgJN44qFAhBY0TJ+1V61tYD2+wHusZ6F9n5K+vl8k0sTy7PEfV4qpg==",
      "extraneous": true,
      "dependencies": {
        "cross-spawn": "^7.0.3",
        "get-stream": "^8.0.1",
        "human-signals": "^5.0.0",
        "is-stream": "^3.0.0",
        "merge-stream": "^2.0.0",
        "npm-run-path": "^5.1.0",
        "onetime": "^6.0.0",
        "signal-exit": "^4.1.0",
        "strip-final-newline": "^3.0.0"
      },
      "devDependencies": {
        "@types/node": "^20.4.0",
        "ava": "^5.2.0",
        "c8": "^8.0.1",
        "get-node": "^14.2.0",
        "is-running": "^2.1.0",
        "p-event": "^6.0.0",
        "path-key": "^4.0.0",
        "tempfile": "^5.0.0",
        "tsd": "^0.28.1",
        "xo": "^0.55.0"
      },
      "engines": {
        "node": ">=16.17"
      },
      "funding": {
        "url": "https://github.com/sindresorhus/execa?sponsor=1"
      }
    },
    "node_modules/follow-redirects": {
      "version": "1.15.9",
      "resolved": "https://registry.npmmirror.com/follow-redirects/-/follow-redirects-1.15.9.tgz",
      "integrity": "sha512-gew4GsXizNgdoRyqmyfMHyAmXsZDk6mHkSxZFCzW9gwlbtOW44CDtYavM+y+72qD/Vq2l550kMF52DT8fOLJqQ==",
      "extraneous": true,
      "funding": [
        {
          "type": "individual",
          "url": "https://github.com/sponsors/RubenVerborgh"
        }
      ],
      "devDependencies": {
        "concat-stream": "^2.0.0",
        "eslint": "^5.16.0",
        "express": "^4.16.4",
        "lolex": "^3.1.0",
        "mocha": "^6.0.2",
        "nyc": "^14.1.1"
      },
      "engines": {
        "node": ">=4.0"
      },
      "peerDependenciesMeta": {
        "debug": {
          "optional": true
        }
      }
    },
    "node_modules/frac": {
      "version": "1.1.2",
      "resolved": "https://registry.npmmirror.com/frac/-/frac-1.1.2.tgz",
      "integrity": "sha512-w/XBfkibaTl3YDqASwfDUqkna4Z2p9cFSr1aHDt0WoMTECnRfBOv2WArlZILlqgWlmdIlALXGpM2AOhEk5W3IA==",
      "extraneous": true,
      "devDependencies": {
        "@sheetjs/uglify-js": "~2.7.3",
        "@types/node": "^8.0.7",
        "blanket": "~1.2.3",
        "codepage": "~1.10.0",
        "dtslint": "^0.1.2",
        "mocha": "~2.5.3",
        "typescript": "2.2.0",
        "voc": "~1.1.0"
      },
      "engines": {
        "node": ">=0.8"
      }
    },
    "node_modules/fsevents": {
      "version": "2.3.2",
      "resolved": "https://registry.npmmirror.com/fsevents/-/fsevents-2.3.2.tgz",
      "integrity": "sha512-xiqMQR4xAeHTuB9uWm+fFRcIOgKBMiOBP+eXiyT7jsgVCq1bkVygt00oASowB7EdtpOHaaPgKt812P9ab+DDKA==",
      "extraneous": true,
      "hasInstallScript": true,
      "os": [
        "darwin"
      ],
      "devDependencies": {
        "node-gyp": "^6.1.0"
      },
      "engines": {
        "node": "^8.16.0 || ^10.6.0 || >=11.0.0"
      }
    },
    "node_modules/get-stream": {
      "version": "8.0.1",
      "resolved": "https://registry.npmmirror.com/get-stream/-/get-stream-8.0.1.tgz",
      "integrity": "sha512-VaUJspBffn/LMCJVoMvSAdmscJyS1auj5Zulnn5UoYcY531UWmdwhRWkcGKnGU93m5HSXP9LP2usOryrBtQowA==",
      "extraneous": true,
      "devDependencies": {
        "@types/node": "^20.5.0",
        "ava": "^5.3.1",
        "precise-now": "^2.0.0",
        "stream-json": "^1.8.0",
        "tsd": "^0.28.1",
        "xo": "^0.56.0"
      },
      "engines": {
        "node": ">=16"
      },
      "funding": {
        "url": "https://github.com/sponsors/sindresorhus"
      }
    },
    "node_modules/human-signals": {
      "version": "5.0.0",
      "resolved": "https://registry.npmmirror.com/human-signals/-/human-signals-5.0.0.tgz",
      "integrity": "sha512-AXcZb6vzzrFAUE61HnN4mpLqd/cSIwNQjtNWR0euPm6y0iqx3G4gOXaIDdtdDwZmhwe82LA6+zinmW4UBWVePQ==",
      "extraneous": true,
      "devDependencies": {
        "@ehmicky/dev-tasks": "^2.0.80",
        "ajv": "^8.12.0",
        "test-each": "^6.0.0"
      },
      "engines": {
        "node": ">=16.17.0"
      }
    },
    "node_modules/is-docker": {
      "version": "3.0.0",
      "resolved": "https://registry.npmmirror.com/is-docker/-/is-docker-3.0.0.tgz",
      "integrity": "sha512-eljcgEDlEns/7AXFosB5K/2nCM4P7FQPkGc/DWLy5rmFEWvZayGrik1d9/QIY5nJ4f9YsVvBkA6kJpHn9rISdQ==",
      "extraneous": true,
      "bin": {
        "is-docker": "cli.js"
      },
      "devDependencies": {
        "ava": "^3.15.0",
        "sinon": "^11.1.2",
        "tsd": "^0.17.0",
        "xo": "^0.44.0"
      },
      "engines": {
        "node": "^12.20.0 || ^14.13.1 || >=16.0.0"
      },
      "funding": {
        "url": "https://github.com/sponsors/sindresorhus"
      }
    },
    "node_modules/is-inside-container": {
      "version": "1.0.0",
      "resolved": "https://registry.npmmirror.com/is-inside-container/-/is-inside-container-1.0.0.tgz",
      "integrity": "sha512-KIYLCCJghfHZxqjYBE7rEy0OBuTd5xCHS7tHVgvCLkx7StIoaxwNW3hCALgEUjFfeRk+MG/Qxmp/vtETEF3tRA==",
      "extraneous": true,
      "dependencies": {
        "is-docker": "^3.0.0"
      },
      "bin": {
        "is-inside-container": "cli.js"
      },
      "devDependencies": {
        "ava": "^5.2.0",
        "esmock": "^2.1.0",
        "tsd": "^0.25.0",
        "xo": "^0.53.1"
      },
      "engines": {
        "node": ">=14.16"
      },
      "funding": {
        "url": "https://github.com/sponsors/sindresorhus"
      }
    },
    "node_modules/is-stream": {
      "version": "3.0.0",
      "resolved": "https://registry.npmmirror.com/is-stream/-/is-stream-3.0.0.tgz",
      "integrity": "sha512-LnQR4bZ9IADDRSkvpqMGvt/tEJWclzklNgSw48V5EAaAeDd6qGvN8ei6k5p0tvxSR171VmGyHuTiAOfxAbr8kA==",
      "extraneous": true,
      "devDependencies": {
        "@types/node": "^16.4.13",
        "ava": "^3.15.0",
        "tempy": "^1.0.1",
        "tsd": "^0.17.0",
        "xo": "^0.44.0"
      },
      "engines": {
        "node": "^12.20.0 || ^14.13.1 || >=16.0.0"
      },
      "funding": {
        "url": "https://github.com/sponsors/sindresorhus"
      }
    },
    "node_modules/is-wsl": {
      "version": "3.1.0",
      "resolved": "https://registry.npmmirror.com/is-wsl/-/is-wsl-3.1.0.tgz",
      "integrity": "sha512-UcVfVfaK4Sc4m7X3dUSoHoozQGBEFeDC+zVo06t98xe8CzHSZZBekNXH+tu0NalHolcJ/QAGqS46Hef7QXBIMw==",
      "extraneous": true,
      "dependencies": {
        "is-inside-container": "^1.0.0"
      },
      "devDependencies": {
        "ava": "^5.3.1",
        "esmock": "^2.3.6",
        "tsd": "^0.28.1",
        "xo": "^0.55.1"
      },
      "engines": {
        "node": ">=16"
      },
      "funding": {
        "url": "https://github.com/sponsors/sindresorhus"
      }
    },
    "node_modules/is64bit": {
      "version": "2.0.0",
      "resolved": "https://registry.npmmirror.com/is64bit/-/is64bit-2.0.0.tgz",
      "integrity": "sha512-jv+8jaWCl0g2lSBkNSVXdzfBA0npK1HGC2KtWM9FumFRoGS94g3NbCCLVnCYHLjp4GrW2KZeeSTMo5ddtznmGw==",
      "extraneous": true,
      "dependencies": {
        "system-architecture": "^0.1.0"
      },
      "devDependencies": {
        "ava": "^5.3.1",
        "xo": "^0.56.0"
      },
      "engines": {
        "node": ">=18"
      },
      "funding": {
        "url": "https://github.com/sponsors/sindresorhus"
      }
    },
    "node_modules/isexe": {
      "version": "2.0.0",
      "resolved": "https://registry.npmmirror.com/isexe/-/isexe-2.0.0.tgz",
      "integrity": "sha512-RHxMLp9lnKHGHRng9QFhRCMbYAcVpn69smSGcq3f36xjgVVWThj4qqLbTLlq7Ssj8B+fIQ1EuCEGI2lKsyQeIw==",
      "extraneous": true,
      "devDependencies": {
        "mkdirp": "^0.5.1",
        "rimraf": "^2.5.0",
        "tap": "^10.3.0"
      }
    },
    "node_modules/lodash": {
      "version": "4.17.21",
      "resolved": "https://registry.npmmirror.com/lodash/-/lodash-4.17.21.tgz",
      "integrity": "sha512-v2kDEe57lecTulaDIuNTPy3Ry4gLGJ6Z1O3vE1krgXZNrsQ+LFTGHVxVjcXPs17LhbZVGedAJv8XZ1tvj5FvSg==",
      "extraneous": true
    },
    "node_modules/merge-stream": {
      "version": "2.0.0",
      "resolved": "https://registry.npmmirror.com/merge-stream/-/merge-stream-2.0.0.tgz",
      "integrity": "sha512-abv/qOcuPfk3URPfDzmZU1LKmuw8kT+0nIHvKrKgFrwifol/doWcdA4ZqsWQ8ENrFKkd67Mfpo/LovbIUsbt3w==",
      "extraneous": true,
      "devDependencies": {
        "from2": "^2.0.3",
        "istanbul": "^0.4.5"
      }
    },
    "node_modules/mimic-fn": {
      "version": "4.0.0",
      "resolved": "https://registry.npmmirror.com/mimic-fn/-/mimic-fn-4.0.0.tgz",
      "integrity": "sha512-vqiC06CuhBTUdZH+RYl8sFrL096vA45Ok5ISO6sE/Mr1jRbGH4Csnhi8f3wKVl7x8mO4Au7Ir9D3Oyv1VYMFJw==",
      "extraneous": true,
      "devDependencies": {
        "ava": "^3.15.0",
        "tsd": "^0.14.0",
        "xo": "^0.38.2"
      },
      "engines": {
        "node": ">=12"
      },
      "funding": {
        "url": "https://github.com/sponsors/sindresorhus"
      }
    },
    "node_modules/moment": {
      "version": "2.30.1",
      "resolved": "https://registry.npmmirror.com/moment/-/moment-2.30.1.tgz",
      "integrity": "sha512-uEmtNhbDOrWPFS+hdjFCBfy9f2YoyzRpwcl+DqpC6taX21FzsTLQVbMV/W7PzNSX6x/bhC1zA3c2UQ5NzH6how==",
      "extraneous": true,
      "devDependencies": {
        "@types/node": "17.0.21",
        "benchmark": "latest",
        "coveralls": "latest",
        "cross-env": "^6.0.3",
        "es6-promise": "latest",
        "eslint": "latest",
        "grunt": "latest",
        "grunt-benchmark": "latest",
        "grunt-cli": "latest",
        "grunt-contrib-clean": "latest",
        "grunt-contrib-concat": "latest",
        "grunt-contrib-copy": "latest",
        "grunt-contrib-uglify": "latest",
        "grunt-contrib-watch": "latest",
        "grunt-env": "latest",
        "grunt-exec": "latest",
        "grunt-karma": "latest",
        "grunt-nuget": "latest",
        "grunt-string-replace": "latest",
        "karma": "latest",
        "karma-chrome-launcher": "latest",
        "karma-firefox-launcher": "latest",
        "karma-qunit": "latest",
        "karma-sauce-launcher": "4.1.4",
        "load-grunt-tasks": "latest",
        "lodash": ">=4.17.19",
        "node-qunit": "latest",
        "nyc": "latest",
        "prettier": "latest",
        "qunit": "^2.10.0",
        "rollup": "2.17.1",
        "typescript": "^1.8.10",
        "typescript3": "npm:typescript@^3.1.6",
        "uglify-js": "latest"
      },
      "engines": {
        "node": "*"
      }
    },
    "node_modules/npm-run-path": {
      "version": "5.3.0",
      "resolved": "https://registry.npmmirror.com/npm-run-path/-/npm-run-path-5.3.0.tgz",
      "integrity": "sha512-ppwTtiJZq0O/ai0z7yfudtBpWIoxM8yE6nHi1X47eFR2EWORqfbu6CnPlNsjeN683eT0qG6H/Pyf9fCcvjnnnQ==",
      "extraneous": true,
      "dependencies": {
        "path-key": "^4.0.0"
      },
      "devDependencies": {
        "ava": "^3.15.0",
        "tsd": "^0.17.0",
        "xo": "^0.45.0"
      },
      "engines": {
        "node": "^12.20.0 || ^14.13.1 || >=16.0.0"
      },
      "funding": {
        "url": "https://github.com/sponsors/sindresorhus"
      }
    },
    "node_modules/onetime": {
      "version": "6.0.0",
      "resolved": "https://registry.npmmirror.com/onetime/-/onetime-6.0.0.tgz",
      "integrity": "sha512-1FlR+gjXK7X+AsAHso35MnyN5KqGwJRi/31ft6x0M194ht7S+rWAvd7PHss9xSKMzE0asv1pyIHaJYq+BbacAQ==",
      "extraneous": true,
      "dependencies": {
        "mimic-fn": "^4.0.0"
      },
      "devDependencies": {
        "ava": "^3.15.0",
        "tsd": "^0.14.0",
        "xo": "^0.38.2"
      },
      "engines": {
        "node": ">=12"
      },
      "funding": {
        "url": "https://github.com/sponsors/sindresorhus"
      }
    },
    "node_modules/path-key": {
      "version": "4.0.0",
      "resolved": "https://registry.npmmirror.com/path-key/-/path-key-4.0.0.tgz",
      "integrity": "sha512-haREypq7xkM7ErfgIyA0z+Bj4AGKlMSdlQE2jvJo6huWD1EdkKYV+G/T4nq0YEF2vgTT8kqMFKo1uHn950r4SQ==",
      "extraneous": true,
      "devDependencies": {
        "@types/node": "^14.14.37",
        "ava": "^3.15.0",
        "tsd": "^0.14.0",
        "xo": "^0.38.2"
      },
      "engines": {
        "node": ">=12"
      },
      "funding": {
        "url": "https://github.com/sponsors/sindresorhus"
      }
    },
    "node_modules/playwright": {
      "version": "1.50.1",
      "resolved": "https://registry.npmmirror.com/playwright/-/playwright-1.50.1.tgz",
      "integrity": "sha512-G8rwsOQJ63XG6BbKj2w5rHeavFjy5zynBA9zsJMMtBoe/Uf757oG12NXz6e6OirF7RCrTVAKFXbLmn1RbL7Qaw==",
      "extraneous": true,
      "dependencies": {
        "playwright-core": "1.50.1"
      },
      "bin": {
        "playwright": "cli.js"
      },
      "engines": {
        "node": ">=18"
      },
      "optionalDependencies": {
        "fsevents": "2.3.2"
      }
    },
    "node_modules/playwright-core": {
      "version": "1.50.1",
      "resolved": "https://registry.npmmirror.com/playwright-core/-/playwright-core-1.50.1.tgz",
      "integrity": "sha512-ra9fsNWayuYumt+NiM069M6OkcRb1FZSK8bgi66AtpFoWkg2+y0bJSNmkFrWhMbEBbVKC/EruAHH3g0zmtwGmQ==",
      "extraneous": true,
      "bin": {
        "playwright-core": "cli.js"
      },
      "engines": {
        "node": ">=18"
      }
    },
    "node_modules/shebang-command": {
      "version": "2.0.0",
      "resolved": "https://registry.npmmirror.com/shebang-command/-/shebang-command-2.0.0.tgz",
      "integrity": "sha512-kHxr2zZpYtdmrN1qDjrrX/Z1rR1kG8Dx+gkpK1G4eXmvXswmcE1hTWBWYUzlraYw1/yZp6YuDY77YtvbN0dmDA==",
      "extraneous": true,
      "dependencies": {
        "shebang-regex": "^3.0.0"
      },
      "devDependencies": {
        "ava": "^2.3.0",
        "xo": "^0.24.0"
      },
      "engines": {
        "node": ">=8"
      }
    },
    "node_modules/shebang-regex": {
      "version": "3.0.0",
      "resolved": "https://registry.npmmirror.com/shebang-regex/-/shebang-regex-3.0.0.tgz",
      "integrity": "sha512-7++dFhtcx3353uBaq8DDR4NuxBetBzC7ZQOhmTQInHEd6bSrXdiEyzCvG07Z44UYdLShWUyXt5M/yhz8ekcb1A==",
      "extraneous": true,
      "devDependencies": {
        "ava": "^1.4.1",
        "tsd": "^0.7.2",
        "xo": "^0.24.0"
      },
      "engines": {
        "node": ">=8"
      }
    },
    "node_modules/signal-exit": {
      "version": "4.1.0",
      "resolved": "https://registry.npmmirror.com/signal-exit/-/signal-exit-4.1.0.tgz",
      "integrity": "sha512-bzyZ1e88w9O1iNJbKnOlvYTrWPDl46O1bG0D3XInv+9tkPrxrN8jUUTiFlDkkmKWgn1M6CfIA13SuGqOa9Korw==",
      "extraneous": true,
      "devDependencies": {
        "@types/cross-spawn": "^6.0.2",
        "@types/node": "^18.15.11",
        "@types/signal-exit": "^3.0.1",
        "@types/tap": "^15.0.8",
        "c8": "^7.13.0",
        "prettier": "^2.8.6",
        "tap": "^16.3.4",
        "ts-node": "^10.9.1",
        "typedoc": "^0.23.28",
        "typescript": "^5.0.2"
      },
      "engines": {
        "node": ">=14"
      },
      "funding": {
        "url": "https://github.com/sponsors/isaacs"
      }
    },
    "node_modules/ssf": {
      "version": "0.11.2",
      "resolved": "https://registry.npmmirror.com/ssf/-/ssf-0.11.2.tgz",
      "integrity": "sha512-+idbmIXoYET47hH+d7dfm2epdOMUDjqcB4648sTZ+t2JwoyBFL/insLfB/racrDmsKB3diwsDA696pZMieAC5g==",
      "extraneous": true,
      "dependencies": {
        "frac": "~1.1.2"
      },
      "devDependencies": {
        "@sheetjs/uglify-js": "~2.7.3",
        "@types/node": "^8.0.7",
        "blanket": "~1.2.3",
        "dtslint": "^0.1.2",
        "mocha": "~2.5.3",
        "typescript": "2.2.0"
      },
      "engines": {
        "node": ">=0.8"
      }
    },
    "node_modules/strip-final-newline": {
      "version": "3.0.0",
      "resolved": "https://registry.npmmirror.com/strip-final-newline/-/strip-final-newline-3.0.0.tgz",
      "integrity": "sha512-dOESqjYr96iWYylGObzd39EuNTa5VJxyvVAEm5Jnh7KGo75V43Hk1odPQkNDyXNmUR6k+gEiDVXnjB8HJ3crXw==",
      "extraneous": true,
      "devDependencies": {
        "ava": "^3.15.0",
        "xo": "^0.39.1"
      },
      "engines": {
        "node": ">=12"
      },
      "funding": {
        "url": "https://github.com/sponsors/sindresorhus"
      }
    },
    "node_modules/system-architecture": {
      "version": "0.1.0",
      "resolved": "https://registry.npmmirror.com/system-architecture/-/system-architecture-0.1.0.tgz",
      "integrity": "sha512-ulAk51I9UVUyJgxlv9M6lFot2WP3e7t8Kz9+IS6D4rVba1tR9kON+Ey69f+1R4Q8cd45Lod6a4IcJIxnzGc/zA==",
      "extraneous": true,
      "devDependencies": {
        "ava": "^5.3.1",
        "xo": "^0.56.0"
      },
      "engines": {
        "node": ">=18"
      },
      "funding": {
        "url": "https://github.com/sponsors/sindresorhus"
      }
    },
    "node_modules/which": {
      "version": "2.0.2",
      "resolved": "https://registry.npmmirror.com/which/-/which-2.0.2.tgz",
      "integrity": "sha512-BLI3Tl1TW3Pvl70l3yq3Y64i+awpwXqsGBYWkkqMtnbXgrMD+yj7rhW0kuEDxzJaYXGjEW5ogapKNMEKNMjibA==",
      "extraneous": true,
      "dependencies": {
        "isexe": "^2.0.0"
      },
      "bin": {
        "node-which": "bin/node-which"
      },
      "devDependencies": {
        "mkdirp": "^0.5.0",
        "rimraf": "^2.6.2",
        "tap": "^14.6.9"
      },
      "engines": {
        "node": ">= 8"
      }
    },
    "node_modules/wmf": {
      "version": "1.0.2",
      "resolved": "https://registry.npmmirror.com/wmf/-/wmf-1.0.2.tgz",
      "integrity": "sha512-/p9K7bEh0Dj6WbXg4JG0xvLQmIadrner1bi45VMJTfnbVHsc7yIajZyoSoK60/dtVBs12Fm6WkUI5/3WAVsNMw==",
      "extraneous": true,
      "devDependencies": {
        "source-map-loader": "^0.2.4",
        "uglifyjs-webpack-plugin": "^2.2.0"
      },
      "engines": {
        "node": ">=0.8"
      }
    },
    "node_modules/word": {
      "version": "0.3.0",
      "resolved": "https://registry.npmmirror.com/word/-/word-0.3.0.tgz",
      "integrity": "sha512-OELeY0Q61OXpdUfTp+oweA/vtLVg5VDOXh+3he3PNzLGG/y0oylSOC1xRVj0+l4vQ3tj/bB1HVHv1ocXkQceFA==",
      "extraneous": true,
      "devDependencies": {},
      "engines": {
        "node": ">=0.8"
      }
    },
    "node_modules/xlsx": {
      "version": "0.18.5",
      "resolved": "https://registry.npmmirror.com/xlsx/-/xlsx-0.18.5.tgz",
      "integrity": "sha512-dmg3LCjBPHZnQp5/F/+nnTa+miPJxUXB6vtk42YjBBKayDNagxGEeIdWApkYPOf3Z3pm3k62Knjzp7lMeTEtFQ==",
      "extraneous": true,
      "dependencies": {
        "adler-32": "~1.3.0",
        "cfb": "~1.2.1",
        "codepage": "~1.15.0",
        "crc-32": "~1.2.1",
        "ssf": "~0.11.2",
        "wmf": "~1.0.1",
        "word": "~0.3.0"
      },
      "bin": {
        "xlsx": "bin/xlsx.njs"
      },
      "devDependencies": {
        "@sheetjs/uglify-js": "~2.7.3",
        "@types/node": "^8.5.9",
        "acorn": "7.4.1",
        "alex": "8.1.1",
        "blanket": "~1.2.3",
        "commander": "~2.17.1",
        "dtslint": "^0.1.2",
        "eslint": "7.23.0",
        "eslint-plugin-html": "^6.1.2",
        "eslint-plugin-json": "^2.1.2",
        "exit-on-epipe": "~1.0.1",
        "fflate": "^0.7.1",
        "jsdom": "~11.1.0",
        "markdown-spellcheck": "^1.3.1",
        "mocha": "~2.5.3",
        "sinon": "^1.17.7",
        "typescript": "2.2.0"
      },
      "engines": {
        "node": ">=0.8"
      }
    }
  }
}
